
Microsoft Visual Studio Solution File, Format Version 12.00
# Visual Studio 15
VisualStudioVersion = 15.0.28010.2019
MinimumVisualStudioVersion = 10.0.40219.1
Project("{FAE04EC0-301F-11D3-BF4B-00C04F79EFBC}") = "WordPressNet", "WordPressNet\WordPressNet.csproj", "{AFC85BF7-7251-4A54-B91A-B0218A188A55}"
EndProject
Project("{FAE04EC0-301F-11D3-BF4B-00C04F79EFBC}") = "Test", "Test\Test.csproj", "{8E7EB8F7-FF88-4DB5-9654-FE2CBA2E05C4}"
EndProject
Global
	GlobalSection(SolutionConfigurationPlatforms) = preSolution
		Debug|Any CPU = Debug|Any CPU
		Release|Any CPU = Release|Any CPU
	EndGlobalSection
	GlobalSection(ProjectConfigurationPlatforms) = postSolution
		{AFC85BF7-7251-4A54-B91A-B0218A188A55}.Debug|Any CPU.ActiveCfg = Debug|Any CPU
		{AFC85BF7-7251-4A54-B91A-B0218A188A55}.Debug|Any CPU.Build.0 = Debug|Any CPU
		{AFC85BF7-7251-4A54-B91A-B0218A188A55}.Release|Any CPU.ActiveCfg = Release|Any CPU
		{AFC85BF7-7251-4A54-B91A-B0218A188A55}.Release|Any CPU.Build.0 = Release|Any CPU
		{8E7EB8F7-FF88-4DB5-9654-FE2CBA2E05C4}.Debug|Any CPU.ActiveCfg = Debug|Any CPU
		{8E7EB8F7-FF88-4DB5-9654-FE2CBA2E05C4}.Debug|Any CPU.Build.0 = Debug|Any CPU
		{8E7EB8F7-FF88-4DB5-9654-FE2CBA2E05C4}.Release|Any CPU.ActiveCfg = Release|Any CPU
		{8E7EB8F7-FF88-4DB5-9654-FE2CBA2E05C4}.Release|Any CPU.Build.0 = Release|Any CPU
	EndGlobalSection
	GlobalSection(SolutionProperties) = preSolution
		HideSolutionNode = FALSE
	EndGlobalSection
	GlobalSection(ExtensibilityGlobals) = postSolution
		SolutionGuid = {60331AF3-1263-4B31-BE6B-12814752D835}
	EndGlobalSection
EndGlobal
